// !$*UTF8*$!
{
	archiveVersion = 1;
	classes = {
	};
	objectVersion = 51;
	objects = {

/* Begin PBXBuildFile section */
		4166D0E268171A3E902E6898 /* Pods_YMLApp.framework in Frameworks */ = {isa = PBXBuildFile; fileRef = BA8922655753214A1C5A1BD5 /* Pods_YMLApp.framework */; };
		54368BEB230D062F00233C71 /* MainScreenVC.swift in Sources */ = {isa = PBXBuildFile; fileRef = 54368BEA230D062F00233C71 /* MainScreenVC.swift */; };
		54368BED230D199B00233C71 /* MainScreenCell.swift in Sources */ = {isa = PBXBuildFile; fileRef = 54368BEC230D199B00233C71 /* MainScreenCell.swift */; };
		54368BF1230E50D600233C71 /* Assets.xcassets in Resources */ = {isa = PBXBuildFile; fileRef = 54368BF0230E50D600233C71 /* Assets.xcassets */; };
		54368BF9230EAA3000233C71 /* WorkVC.swift in Sources */ = {isa = PBXBuildFile; fileRef = 54368BF8230EAA3000233C71 /* WorkVC.swift */; };
		54368BFB230EACA300233C71 /* WorkTVCell.swift in Sources */ = {isa = PBXBuildFile; fileRef = 54368BFA230EACA300233C71 /* WorkTVCell.swift */; };
		54368BFD230EDB4E00233C71 /* WebViewVC.swift in Sources */ = {isa = PBXBuildFile; fileRef = 54368BFC230EDB4E00233C71 /* WebViewVC.swift */; };
		54368BFF230FCC5F00233C71 /* NewsVC.swift in Sources */ = {isa = PBXBuildFile; fileRef = 54368BFE230FCC5F00233C71 /* NewsVC.swift */; };
		54368C01230FE5D400233C71 /* NewsTVCell.swift in Sources */ = {isa = PBXBuildFile; fileRef = 54368C00230FE5D400233C71 /* NewsTVCell.swift */; };
		54368C052310FD7800233C71 /* ContactVC.swift in Sources */ = {isa = PBXBuildFile; fileRef = 54368C042310FD7800233C71 /* ContactVC.swift */; };
		54368C072311511D00233C71 /* GoogleMapsVC.swift in Sources */ = {isa = PBXBuildFile; fileRef = 54368C062311511D00233C71 /* GoogleMapsVC.swift */; };
		5477261422FD45D90063CDD3 /* AppDelegate.swift in Sources */ = {isa = PBXBuildFile; fileRef = 5477261322FD45D90063CDD3 /* AppDelegate.swift */; };
		5477261922FD45D90063CDD3 /* Main.storyboard in Resources */ = {isa = PBXBuildFile; fileRef = 5477261722FD45D90063CDD3 /* Main.storyboard */; };
		5477261E22FD45DA0063CDD3 /* LaunchScreen.storyboard in Resources */ = {isa = PBXBuildFile; fileRef = 5477261C22FD45DA0063CDD3 /* LaunchScreen.storyboard */; };
		54A0C7AD2313A45A006F0580 /* CareersVC.swift in Sources */ = {isa = PBXBuildFile; fileRef = 54A0C7AC2313A45A006F0580 /* CareersVC.swift */; };
		54A0C7B12313BCB0006F0580 /* CareersVCCell.swift in Sources */ = {isa = PBXBuildFile; fileRef = 54A0C7B02313BCB0006F0580 /* CareersVCCell.swift */; };
		54A0C7BA23150836006F0580 /* WorkModel.swift in Sources */ = {isa = PBXBuildFile; fileRef = 54A0C7B923150835006F0580 /* WorkModel.swift */; };
		54A0C7BC23150973006F0580 /* WorkViewModel.swift in Sources */ = {isa = PBXBuildFile; fileRef = 54A0C7BB23150973006F0580 /* WorkViewModel.swift */; };
		54A0C7BE23150C3D006F0580 /* WorkVC-Extension+TableViewDelegate.swift in Sources */ = {isa = PBXBuildFile; fileRef = 54A0C7BD23150C3D006F0580 /* WorkVC-Extension+TableViewDelegate.swift */; };
		54A0C7C023150D71006F0580 /* WorkVC-Extension+TableViewDataSource.swift in Sources */ = {isa = PBXBuildFile; fileRef = 54A0C7BF23150D71006F0580 /* WorkVC-Extension+TableViewDataSource.swift */; };
		54A0C7C223150E7C006F0580 /* ProductModel.swift in Sources */ = {isa = PBXBuildFile; fileRef = 54A0C7C123150E7C006F0580 /* ProductModel.swift */; };
		54A0C7C423150EE2006F0580 /* MainScreenViewModel.swift in Sources */ = {isa = PBXBuildFile; fileRef = 54A0C7C323150EE2006F0580 /* MainScreenViewModel.swift */; };
		54A0C7C62315113D006F0580 /* MainScreenVC-Extension+CollectionViewDataSource.swift in Sources */ = {isa = PBXBuildFile; fileRef = 54A0C7C52315113D006F0580 /* MainScreenVC-Extension+CollectionViewDataSource.swift */; };
		54A0C7C823151221006F0580 /* MainScreenVC-Extension+CollectionViewDelegate.swift in Sources */ = {isa = PBXBuildFile; fileRef = 54A0C7C723151221006F0580 /* MainScreenVC-Extension+CollectionViewDelegate.swift */; };
		54A0C7CA2315127C006F0580 /* MainScreenVC-Extension+CollectionViewDelegateFlowLayout.swift in Sources */ = {isa = PBXBuildFile; fileRef = 54A0C7C92315127C006F0580 /* MainScreenVC-Extension+CollectionViewDelegateFlowLayout.swift */; };
		54A0C7CC2315135D006F0580 /* MainScreenVC-Extension+ScrollViewDelegate.swift in Sources */ = {isa = PBXBuildFile; fileRef = 54A0C7CB2315135D006F0580 /* MainScreenVC-Extension+ScrollViewDelegate.swift */; };
		54A0C7CE2315151C006F0580 /* WebVIewVC-Extension+WKNavigationDelegate.swift in Sources */ = {isa = PBXBuildFile; fileRef = 54A0C7CD2315151C006F0580 /* WebVIewVC-Extension+WKNavigationDelegate.swift */; };
		54A0C7D0231520FB006F0580 /* NewsModel.swift in Sources */ = {isa = PBXBuildFile; fileRef = 54A0C7CF231520FB006F0580 /* NewsModel.swift */; };
		54A0C7D223152242006F0580 /* NewsViewModel.swift in Sources */ = {isa = PBXBuildFile; fileRef = 54A0C7D123152242006F0580 /* NewsViewModel.swift */; };
		54A0C7D423152634006F0580 /* NewsVC-Extension+TableViewDelegate.swift in Sources */ = {isa = PBXBuildFile; fileRef = 54A0C7D323152634006F0580 /* NewsVC-Extension+TableViewDelegate.swift */; };
		54A0C7D62315269F006F0580 /* NewsVC-Extension+TableViewDataSource.swift in Sources */ = {isa = PBXBuildFile; fileRef = 54A0C7D52315269F006F0580 /* NewsVC-Extension+TableViewDataSource.swift */; };
		54A0C7D823152E5D006F0580 /* CareerModel.swift in Sources */ = {isa = PBXBuildFile; fileRef = 54A0C7D723152E5D006F0580 /* CareerModel.swift */; };
		54A0C7DA23152EA5006F0580 /* CareerViewModel.swift in Sources */ = {isa = PBXBuildFile; fileRef = 54A0C7D923152EA5006F0580 /* CareerViewModel.swift */; };
		54A0C7DC2315385A006F0580 /* CareersVC-Extension+TableViewDelegate.swift in Sources */ = {isa = PBXBuildFile; fileRef = 54A0C7DB2315385A006F0580 /* CareersVC-Extension+TableViewDelegate.swift */; };
		54A0C7DE231538A0006F0580 /* CareersVC-Extension+TableViewDataSource.swift in Sources */ = {isa = PBXBuildFile; fileRef = 54A0C7DD231538A0006F0580 /* CareersVC-Extension+TableViewDataSource.swift */; };
		54A0C7E023153D70006F0580 /* ContactsModel.swift in Sources */ = {isa = PBXBuildFile; fileRef = 54A0C7DF23153D70006F0580 /* ContactsModel.swift */; };
		54A0C7E223153DAE006F0580 /* ContactsViewModel.swift in Sources */ = {isa = PBXBuildFile; fileRef = 54A0C7E123153DAE006F0580 /* ContactsViewModel.swift */; };
/* End PBXBuildFile section */

/* Begin PBXFileReference section */
		54368BEA230D062F00233C71 /* MainScreenVC.swift */ = {isa = PBXFileReference; lastKnownFileType = sourcecode.swift; path = MainScreenVC.swift; sourceTree = "<group>"; };
		54368BEC230D199B00233C71 /* MainScreenCell.swift */ = {isa = PBXFileReference; lastKnownFileType = sourcecode.swift; path = MainScreenCell.swift; sourceTree = "<group>"; };
		54368BF0230E50D600233C71 /* Assets.xcassets */ = {isa = PBXFileReference; lastKnownFileType = folder.assetcatalog; path = Assets.xcassets; sourceTree = "<group>"; };
		54368BF8230EAA3000233C71 /* WorkVC.swift */ = {isa = PBXFileReference; lastKnownFileType = sourcecode.swift; path = WorkVC.swift; sourceTree = "<group>"; };
		54368BFA230EACA300233C71 /* WorkTVCell.swift */ = {isa = PBXFileReference; lastKnownFileType = sourcecode.swift; path = WorkTVCell.swift; sourceTree = "<group>"; };
		54368BFC230EDB4E00233C71 /* WebViewVC.swift */ = {isa = PBXFileReference; lastKnownFileType = sourcecode.swift; path = WebViewVC.swift; sourceTree = "<group>"; };
		54368BFE230FCC5F00233C71 /* NewsVC.swift */ = {isa = PBXFileReference; lastKnownFileType = sourcecode.swift; path = NewsVC.swift; sourceTree = "<group>"; };
		54368C00230FE5D400233C71 /* NewsTVCell.swift */ = {isa = PBXFileReference; lastKnownFileType = sourcecode.swift; path = NewsTVCell.swift; sourceTree = "<group>"; };
		54368C042310FD7800233C71 /* ContactVC.swift */ = {isa = PBXFileReference; lastKnownFileType = sourcecode.swift; path = ContactVC.swift; sourceTree = "<group>"; };
		54368C062311511D00233C71 /* GoogleMapsVC.swift */ = {isa = PBXFileReference; lastKnownFileType = sourcecode.swift; path = GoogleMapsVC.swift; sourceTree = "<group>"; };
		5449BEAA61235C0163E33210 /* Pods-YMLApp.debug.xcconfig */ = {isa = PBXFileReference; includeInIndex = 1; lastKnownFileType = text.xcconfig; name = "Pods-YMLApp.debug.xcconfig"; path = "Target Support Files/Pods-YMLApp/Pods-YMLApp.debug.xcconfig"; sourceTree = "<group>"; };
		5477261022FD45D90063CDD3 /* YMLApp.app */ = {isa = PBXFileReference; explicitFileType = wrapper.application; includeInIndex = 0; path = YMLApp.app; sourceTree = BUILT_PRODUCTS_DIR; };
		5477261322FD45D90063CDD3 /* AppDelegate.swift */ = {isa = PBXFileReference; lastKnownFileType = sourcecode.swift; path = AppDelegate.swift; sourceTree = "<group>"; };
		5477261822FD45D90063CDD3 /* Base */ = {isa = PBXFileReference; lastKnownFileType = file.storyboard; name = Base; path = Base.lproj/Main.storyboard; sourceTree = "<group>"; };
		5477261D22FD45DA0063CDD3 /* Base */ = {isa = PBXFileReference; lastKnownFileType = file.storyboard; name = Base; path = Base.lproj/LaunchScreen.storyboard; sourceTree = "<group>"; };
		5477261F22FD45DA0063CDD3 /* Info.plist */ = {isa = PBXFileReference; lastKnownFileType = text.plist.xml; path = Info.plist; sourceTree = "<group>"; };
		54A0C7AC2313A45A006F0580 /* CareersVC.swift */ = {isa = PBXFileReference; lastKnownFileType = sourcecode.swift; path = CareersVC.swift; sourceTree = "<group>"; };
		54A0C7B02313BCB0006F0580 /* CareersVCCell.swift */ = {isa = PBXFileReference; lastKnownFileType = sourcecode.swift; path = CareersVCCell.swift; sourceTree = "<group>"; };
		54A0C7B923150835006F0580 /* WorkModel.swift */ = {isa = PBXFileReference; lastKnownFileType = sourcecode.swift; path = WorkModel.swift; sourceTree = "<group>"; };
		54A0C7BB23150973006F0580 /* WorkViewModel.swift */ = {isa = PBXFileReference; lastKnownFileType = sourcecode.swift; path = WorkViewModel.swift; sourceTree = "<group>"; };
		54A0C7BD23150C3D006F0580 /* WorkVC-Extension+TableViewDelegate.swift */ = {isa = PBXFileReference; lastKnownFileType = sourcecode.swift; path = "WorkVC-Extension+TableViewDelegate.swift"; sourceTree = "<group>"; };
		54A0C7BF23150D71006F0580 /* WorkVC-Extension+TableViewDataSource.swift */ = {isa = PBXFileReference; lastKnownFileType = sourcecode.swift; path = "WorkVC-Extension+TableViewDataSource.swift"; sourceTree = "<group>"; };
		54A0C7C123150E7C006F0580 /* ProductModel.swift */ = {isa = PBXFileReference; lastKnownFileType = sourcecode.swift; path = ProductModel.swift; sourceTree = "<group>"; };
		54A0C7C323150EE2006F0580 /* MainScreenViewModel.swift */ = {isa = PBXFileReference; lastKnownFileType = sourcecode.swift; path = MainScreenViewModel.swift; sourceTree = "<group>"; };
		54A0C7C52315113D006F0580 /* MainScreenVC-Extension+CollectionViewDataSource.swift */ = {isa = PBXFileReference; lastKnownFileType = sourcecode.swift; path = "MainScreenVC-Extension+CollectionViewDataSource.swift"; sourceTree = "<group>"; };
		54A0C7C723151221006F0580 /* MainScreenVC-Extension+CollectionViewDelegate.swift */ = {isa = PBXFileReference; lastKnownFileType = sourcecode.swift; path = "MainScreenVC-Extension+CollectionViewDelegate.swift"; sourceTree = "<group>"; };
		54A0C7C92315127C006F0580 /* MainScreenVC-Extension+CollectionViewDelegateFlowLayout.swift */ = {isa = PBXFileReference; lastKnownFileType = sourcecode.swift; path = "MainScreenVC-Extension+CollectionViewDelegateFlowLayout.swift"; sourceTree = "<group>"; };
		54A0C7CB2315135D006F0580 /* MainScreenVC-Extension+ScrollViewDelegate.swift */ = {isa = PBXFileReference; lastKnownFileType = sourcecode.swift; path = "MainScreenVC-Extension+ScrollViewDelegate.swift"; sourceTree = "<group>"; };
		54A0C7CD2315151C006F0580 /* WebVIewVC-Extension+WKNavigationDelegate.swift */ = {isa = PBXFileReference; lastKnownFileType = sourcecode.swift; path = "WebVIewVC-Extension+WKNavigationDelegate.swift"; sourceTree = "<group>"; };
		54A0C7CF231520FB006F0580 /* NewsModel.swift */ = {isa = PBXFileReference; lastKnownFileType = sourcecode.swift; path = NewsModel.swift; sourceTree = "<group>"; };
		54A0C7D123152242006F0580 /* NewsViewModel.swift */ = {isa = PBXFileReference; lastKnownFileType = sourcecode.swift; path = NewsViewModel.swift; sourceTree = "<group>"; };
		54A0C7D323152634006F0580 /* NewsVC-Extension+TableViewDelegate.swift */ = {isa = PBXFileReference; lastKnownFileType = sourcecode.swift; path = "NewsVC-Extension+TableViewDelegate.swift"; sourceTree = "<group>"; };
		54A0C7D52315269F006F0580 /* NewsVC-Extension+TableViewDataSource.swift */ = {isa = PBXFileReference; lastKnownFileType = sourcecode.swift; path = "NewsVC-Extension+TableViewDataSource.swift"; sourceTree = "<group>"; };
		54A0C7D723152E5D006F0580 /* CareerModel.swift */ = {isa = PBXFileReference; lastKnownFileType = sourcecode.swift; path = CareerModel.swift; sourceTree = "<group>"; };
		54A0C7D923152EA5006F0580 /* CareerViewModel.swift */ = {isa = PBXFileReference; lastKnownFileType = sourcecode.swift; path = CareerViewModel.swift; sourceTree = "<group>"; };
		54A0C7DB2315385A006F0580 /* CareersVC-Extension+TableViewDelegate.swift */ = {isa = PBXFileReference; lastKnownFileType = sourcecode.swift; path = "CareersVC-Extension+TableViewDelegate.swift"; sourceTree = "<group>"; };
		54A0C7DD231538A0006F0580 /* CareersVC-Extension+TableViewDataSource.swift */ = {isa = PBXFileReference; lastKnownFileType = sourcecode.swift; path = "CareersVC-Extension+TableViewDataSource.swift"; sourceTree = "<group>"; };
		54A0C7DF23153D70006F0580 /* ContactsModel.swift */ = {isa = PBXFileReference; lastKnownFileType = sourcecode.swift; path = ContactsModel.swift; sourceTree = "<group>"; };
		54A0C7E123153DAE006F0580 /* ContactsViewModel.swift */ = {isa = PBXFileReference; lastKnownFileType = sourcecode.swift; path = ContactsViewModel.swift; sourceTree = "<group>"; };
		BA8922655753214A1C5A1BD5 /* Pods_YMLApp.framework */ = {isa = PBXFileReference; explicitFileType = wrapper.framework; includeInIndex = 0; path = Pods_YMLApp.framework; sourceTree = BUILT_PRODUCTS_DIR; };
		BFE50FFA38E1F3E9A2191861 /* Pods-YMLApp.release.xcconfig */ = {isa = PBXFileReference; includeInIndex = 1; lastKnownFileType = text.xcconfig; name = "Pods-YMLApp.release.xcconfig"; path = "Target Support Files/Pods-YMLApp/Pods-YMLApp.release.xcconfig"; sourceTree = "<group>"; };
/* End PBXFileReference section */

/* Begin PBXFrameworksBuildPhase section */
		5477260D22FD45D90063CDD3 /* Frameworks */ = {
			isa = PBXFrameworksBuildPhase;
			buildActionMask = 2147483647;
			files = (
				4166D0E268171A3E902E6898 /* Pods_YMLApp.framework in Frameworks */,
			);
			runOnlyForDeploymentPostprocessing = 0;
		};
/* End PBXFrameworksBuildPhase section */

/* Begin PBXGroup section */
		5477260722FD45D90063CDD3 = {
			isa = PBXGroup;
			children = (
				5477261222FD45D90063CDD3 /* YMLApp */,
				5477261122FD45D90063CDD3 /* Products */,
				DE501164457EABF3C085EDF0 /* Pods */,
				E6BE00FDEA06433A1570F4B7 /* Frameworks */,
			);
			sourceTree = "<group>";
		};
		5477261122FD45D90063CDD3 /* Products */ = {
			isa = PBXGroup;
			children = (
				5477261022FD45D90063CDD3 /* YMLApp.app */,
			);
			name = Products;
			sourceTree = "<group>";
		};
		5477261222FD45D90063CDD3 /* YMLApp */ = {
			isa = PBXGroup;
			children = (
				54A0C7B8231506C1006F0580 /* Model */,
				54A0C7B7231506A0006F0580 /* View */,
				54A0C7B623150696006F0580 /* View Model */,
				54368BF0230E50D600233C71 /* Assets.xcassets */,
				5477261322FD45D90063CDD3 /* AppDelegate.swift */,
				5477261F22FD45DA0063CDD3 /* Info.plist */,
			);
			path = YMLApp;
			sourceTree = "<group>";
		};
		54A0C7B623150696006F0580 /* View Model */ = {
			isa = PBXGroup;
			children = (
				54A0C7BB23150973006F0580 /* WorkViewModel.swift */,
				54A0C7C323150EE2006F0580 /* MainScreenViewModel.swift */,
				54A0C7D123152242006F0580 /* NewsViewModel.swift */,
				54A0C7D923152EA5006F0580 /* CareerViewModel.swift */,
				54A0C7E123153DAE006F0580 /* ContactsViewModel.swift */,
			);
			path = "View Model";
			sourceTree = "<group>";
		};
		54A0C7B7231506A0006F0580 /* View */ = {
			isa = PBXGroup;
			children = (
				5477261722FD45D90063CDD3 /* Main.storyboard */,
				5477261C22FD45DA0063CDD3 /* LaunchScreen.storyboard */,
				54368BEA230D062F00233C71 /* MainScreenVC.swift */,
				54368BEC230D199B00233C71 /* MainScreenCell.swift */,
				54A0C7C52315113D006F0580 /* MainScreenVC-Extension+CollectionViewDataSource.swift */,
				54A0C7C723151221006F0580 /* MainScreenVC-Extension+CollectionViewDelegate.swift */,
				54A0C7C92315127C006F0580 /* MainScreenVC-Extension+CollectionViewDelegateFlowLayout.swift */,
				54A0C7CB2315135D006F0580 /* MainScreenVC-Extension+ScrollViewDelegate.swift */,
				54368BF8230EAA3000233C71 /* WorkVC.swift */,
				54368BFA230EACA300233C71 /* WorkTVCell.swift */,
				54A0C7BD23150C3D006F0580 /* WorkVC-Extension+TableViewDelegate.swift */,
				54A0C7BF23150D71006F0580 /* WorkVC-Extension+TableViewDataSource.swift */,
				54368BFC230EDB4E00233C71 /* WebViewVC.swift */,
				54A0C7CD2315151C006F0580 /* WebVIewVC-Extension+WKNavigationDelegate.swift */,
				54368BFE230FCC5F00233C71 /* NewsVC.swift */,
				54368C00230FE5D400233C71 /* NewsTVCell.swift */,
				54A0C7D323152634006F0580 /* NewsVC-Extension+TableViewDelegate.swift */,
				54A0C7D52315269F006F0580 /* NewsVC-Extension+TableViewDataSource.swift */,
				54A0C7AC2313A45A006F0580 /* CareersVC.swift */,
				54A0C7B02313BCB0006F0580 /* CareersVCCell.swift */,
				54A0C7DB2315385A006F0580 /* CareersVC-Extension+TableViewDelegate.swift */,
				54A0C7DD231538A0006F0580 /* CareersVC-Extension+TableViewDataSource.swift */,
				54368C042310FD7800233C71 /* ContactVC.swift */,
				54368C062311511D00233C71 /* GoogleMapsVC.swift */,
			);
			path = View;
			sourceTree = "<group>";
		};
		54A0C7B8231506C1006F0580 /* Model */ = {
			isa = PBXGroup;
			children = (
				54A0C7C123150E7C006F0580 /* ProductModel.swift */,
				54A0C7B923150835006F0580 /* WorkModel.swift */,
				54A0C7CF231520FB006F0580 /* NewsModel.swift */,
				54A0C7D723152E5D006F0580 /* CareerModel.swift */,
				54A0C7DF23153D70006F0580 /* ContactsModel.swift */,
			);
			path = Model;
			sourceTree = "<group>";
		};
		DE501164457EABF3C085EDF0 /* Pods */ = {
			isa = PBXGroup;
			children = (
				5449BEAA61235C0163E33210 /* Pods-YMLApp.debug.xcconfig */,
				BFE50FFA38E1F3E9A2191861 /* Pods-YMLApp.release.xcconfig */,
			);
			path = Pods;
			sourceTree = "<group>";
		};
		E6BE00FDEA06433A1570F4B7 /* Frameworks */ = {
			isa = PBXGroup;
			children = (
				BA8922655753214A1C5A1BD5 /* Pods_YMLApp.framework */,
			);
			name = Frameworks;
			sourceTree = "<group>";
		};
/* End PBXGroup section */

/* Begin PBXNativeTarget section */
		5477260F22FD45D90063CDD3 /* YMLApp */ = {
			isa = PBXNativeTarget;
			buildConfigurationList = 5477262222FD45DA0063CDD3 /* Build configuration list for PBXNativeTarget "YMLApp" */;
			buildPhases = (
				9E7137AF7A815AF03AD09181 /* [CP] Check Pods Manifest.lock */,
				5477260C22FD45D90063CDD3 /* Sources */,
				5477260D22FD45D90063CDD3 /* Frameworks */,
				5477260E22FD45D90063CDD3 /* Resources */,
				2A17523C6541B5BB53FD11A6 /* [CP] Copy Pods Resources */,
				3D62E63B9DFDFF43080B091D /* [CP] Embed Pods Frameworks */,
			);
			buildRules = (
			);
			dependencies = (
			);
			name = YMLApp;
			productName = YMLApp;
			productReference = 5477261022FD45D90063CDD3 /* YMLApp.app */;
			productType = "com.apple.product-type.application";
		};
/* End PBXNativeTarget section */

/* Begin PBXProject section */
		5477260822FD45D90063CDD3 /* Project object */ = {
			isa = PBXProject;
			attributes = {
				LastSwiftUpdateCheck = 1020;
				LastUpgradeCheck = 1020;
				ORGANIZATIONNAME = YML;
				TargetAttributes = {
					5477260F22FD45D90063CDD3 = {
						CreatedOnToolsVersion = 10.2.1;
					};
				};
			};
			buildConfigurationList = 5477260B22FD45D90063CDD3 /* Build configuration list for PBXProject "YMLApp" */;
			compatibilityVersion = "Xcode 9.3";
			developmentRegion = en;
			hasScannedForEncodings = 0;
			knownRegions = (
				en,
				Base,
			);
			mainGroup = 5477260722FD45D90063CDD3;
			productRefGroup = 5477261122FD45D90063CDD3 /* Products */;
			projectDirPath = "";
			projectRoot = "";
			targets = (
				5477260F22FD45D90063CDD3 /* YMLApp */,
			);
		};
/* End PBXProject section */

/* Begin PBXResourcesBuildPhase section */
		5477260E22FD45D90063CDD3 /* Resources */ = {
			isa = PBXResourcesBuildPhase;
			buildActionMask = 2147483647;
			files = (
				5477261E22FD45DA0063CDD3 /* LaunchScreen.storyboard in Resources */,
				54368BF1230E50D600233C71 /* Assets.xcassets in Resources */,
				5477261922FD45D90063CDD3 /* Main.storyboard in Resources */,
			);
			runOnlyForDeploymentPostprocessing = 0;
		};
/* End PBXResourcesBuildPhase section */

/* Begin PBXShellScriptBuildPhase section */
		2A17523C6541B5BB53FD11A6 /* [CP] Copy Pods Resources */ = {
			isa = PBXShellScriptBuildPhase;
			buildActionMask = 2147483647;
			files = (
			);
			inputFileListPaths = (
				"${PODS_ROOT}/Target Support Files/Pods-YMLApp/Pods-YMLApp-resources-${CONFIGURATION}-input-files.xcfilelist",
			);
			name = "[CP] Copy Pods Resources";
			outputFileListPaths = (
				"${PODS_ROOT}/Target Support Files/Pods-YMLApp/Pods-YMLApp-resources-${CONFIGURATION}-output-files.xcfilelist",
			);
			runOnlyForDeploymentPostprocessing = 0;
			shellPath = /bin/sh;
			shellScript = "\"${PODS_ROOT}/Target Support Files/Pods-YMLApp/Pods-YMLApp-resources.sh\"\n";
			showEnvVarsInLog = 0;
		};
		3D62E63B9DFDFF43080B091D /* [CP] Embed Pods Frameworks */ = {
			isa = PBXShellScriptBuildPhase;
			buildActionMask = 2147483647;
			files = (
			);
			inputFileListPaths = (
				"${PODS_ROOT}/Target Support Files/Pods-YMLApp/Pods-YMLApp-frameworks-${CONFIGURATION}-input-files.xcfilelist",
			);
			name = "[CP] Embed Pods Frameworks";
			outputFileListPaths = (
				"${PODS_ROOT}/Target Support Files/Pods-YMLApp/Pods-YMLApp-frameworks-${CONFIGURATION}-output-files.xcfilelist",
			);
			runOnlyForDeploymentPostprocessing = 0;
			shellPath = /bin/sh;
			shellScript = "\"${PODS_ROOT}/Target Support Files/Pods-YMLApp/Pods-YMLApp-frameworks.sh\"\n";
			showEnvVarsInLog = 0;
		};
		9E7137AF7A815AF03AD09181 /* [CP] Check Pods Manifest.lock */ = {
			isa = PBXShellScriptBuildPhase;
			buildActionMask = 2147483647;
			files = (
			);
			inputFileListPaths = (
			);
			inputPaths = (
				"${PODS_PODFILE_DIR_PATH}/Podfile.lock",
				"${PODS_ROOT}/Manifest.lock",
			);
			name = "[CP] Check Pods Manifest.lock";
			outputFileListPaths = (
			);
			outputPaths = (
				"$(DERIVED_FILE_DIR)/Pods-YMLApp-checkManifestLockResult.txt",
			);
			runOnlyForDeploymentPostprocessing = 0;
			shellPath = /bin/sh;
			shellScript = "diff \"${PODS_PODFILE_DIR_PATH}/Podfile.lock\" \"${PODS_ROOT}/Manifest.lock\" > /dev/null\nif [ $? != 0 ] ; then\n    # print error to STDERR\n    echo \"error: The sandbox is not in sync with the Podfile.lock. Run 'pod install' or update your CocoaPods installation.\" >&2\n    exit 1\nfi\n# This output is used by Xcode 'outputs' to avoid re-running this script phase.\necho \"SUCCESS\" > \"${SCRIPT_OUTPUT_FILE_0}\"\n";
			showEnvVarsInLog = 0;
		};
/* End PBXShellScriptBuildPhase section */

/* Begin PBXSourcesBuildPhase section */
		5477260C22FD45D90063CDD3 /* Sources */ = {
			isa = PBXSourcesBuildPhase;
			buildActionMask = 2147483647;
			files = (
				54A0C7DC2315385A006F0580 /* CareersVC-Extension+TableViewDelegate.swift in Sources */,
				54368BFB230EACA300233C71 /* WorkTVCell.swift in Sources */,
				54A0C7C62315113D006F0580 /* MainScreenVC-Extension+CollectionViewDataSource.swift in Sources */,
				54A0C7D62315269F006F0580 /* NewsVC-Extension+TableViewDataSource.swift in Sources */,
				54A0C7C823151221006F0580 /* MainScreenVC-Extension+CollectionViewDelegate.swift in Sources */,
				54368BFD230EDB4E00233C71 /* WebViewVC.swift in Sources */,
				54A0C7D0231520FB006F0580 /* NewsModel.swift in Sources */,
				54A0C7BE23150C3D006F0580 /* WorkVC-Extension+TableViewDelegate.swift in Sources */,
				54368C01230FE5D400233C71 /* NewsTVCell.swift in Sources */,
				54A0C7DE231538A0006F0580 /* CareersVC-Extension+TableViewDataSource.swift in Sources */,
				54A0C7E023153D70006F0580 /* ContactsModel.swift in Sources */,
				54368BEB230D062F00233C71 /* MainScreenVC.swift in Sources */,
				54A0C7CA2315127C006F0580 /* MainScreenVC-Extension+CollectionViewDelegateFlowLayout.swift in Sources */,
				54368C072311511D00233C71 /* GoogleMapsVC.swift in Sources */,
				54A0C7CC2315135D006F0580 /* MainScreenVC-Extension+ScrollViewDelegate.swift in Sources */,
				54A0C7D423152634006F0580 /* NewsVC-Extension+TableViewDelegate.swift in Sources */,
				54A0C7C023150D71006F0580 /* WorkVC-Extension+TableViewDataSource.swift in Sources */,
				54A0C7C423150EE2006F0580 /* MainScreenViewModel.swift in Sources */,
				54A0C7BC23150973006F0580 /* WorkViewModel.swift in Sources */,
				54368BFF230FCC5F00233C71 /* NewsVC.swift in Sources */,
				5477261422FD45D90063CDD3 /* AppDelegate.swift in Sources */,
				54A0C7AD2313A45A006F0580 /* CareersVC.swift in Sources */,
				54A0C7BA23150836006F0580 /* WorkModel.swift in Sources */,
				54A0C7C223150E7C006F0580 /* ProductModel.swift in Sources */,
				54A0C7DA23152EA5006F0580 /* CareerViewModel.swift in Sources */,
				54368BED230D199B00233C71 /* MainScreenCell.swift in Sources */,
				54A0C7D823152E5D006F0580 /* CareerModel.swift in Sources */,
				54A0C7B12313BCB0006F0580 /* CareersVCCell.swift in Sources */,
				54A0C7E223153DAE006F0580 /* ContactsViewModel.swift in Sources */,
				54A0C7CE2315151C006F0580 /* WebVIewVC-Extension+WKNavigationDelegate.swift in Sources */,
				54A0C7D223152242006F0580 /* NewsViewModel.swift in Sources */,
				54368BF9230EAA3000233C71 /* WorkVC.swift in Sources */,
				54368C052310FD7800233C71 /* ContactVC.swift in Sources */,
			);
			runOnlyForDeploymentPostprocessing = 0;
		};
/* End PBXSourcesBuildPhase section */

/* Begin PBXVariantGroup section */
		5477261722FD45D90063CDD3 /* Main.storyboard */ = {
			isa = PBXVariantGroup;
			children = (
				5477261822FD45D90063CDD3 /* Base */,
			);
			name = Main.storyboard;
			sourceTree = "<group>";
		};
		5477261C22FD45DA0063CDD3 /* LaunchScreen.storyboard */ = {
			isa = PBXVariantGroup;
			children = (
				5477261D22FD45DA0063CDD3 /* Base */,
			);
			name = LaunchScreen.storyboard;
			sourceTree = "<group>";
		};
/* End PBXVariantGroup section */

/* Begin XCBuildConfiguration section */
		5477262022FD45DA0063CDD3 /* Debug */ = {
			isa = XCBuildConfiguration;
			buildSettings = {
				ALWAYS_SEARCH_USER_PATHS = NO;
				CLANG_ANALYZER_NONNULL = YES;
				CLANG_ANALYZER_NUMBER_OBJECT_CONVERSION = YES_AGGRESSIVE;
				CLANG_CXX_LANGUAGE_STANDARD = "gnu++14";
				CLANG_CXX_LIBRARY = "libc++";
				CLANG_ENABLE_MODULES = YES;
				CLANG_ENABLE_OBJC_ARC = YES;
				CLANG_ENABLE_OBJC_WEAK = YES;
				CLANG_WARN_BLOCK_CAPTURE_AUTORELEASING = YES;
				CLANG_WARN_BOOL_CONVERSION = YES;
				CLANG_WARN_COMMA = YES;
				CLANG_WARN_CONSTANT_CONVERSION = YES;
				CLANG_WARN_DEPRECATED_OBJC_IMPLEMENTATIONS = YES;
				CLANG_WARN_DIRECT_OBJC_ISA_USAGE = YES_ERROR;
				CLANG_WARN_DOCUMENTATION_COMMENTS = YES;
				CLANG_WARN_EMPTY_BODY = YES;
				CLANG_WARN_ENUM_CONVERSION = YES;
				CLANG_WARN_INFINITE_RECURSION = YES;
				CLANG_WARN_INT_CONVERSION = YES;
				CLANG_WARN_NON_LITERAL_NULL_CONVERSION = YES;
				CLANG_WARN_OBJC_IMPLICIT_RETAIN_SELF = YES;
				CLANG_WARN_OBJC_LITERAL_CONVERSION = YES;
				CLANG_WARN_OBJC_ROOT_CLASS = YES_ERROR;
				CLANG_WARN_RANGE_LOOP_ANALYSIS = YES;
				CLANG_WARN_STRICT_PROTOTYPES = YES;
				CLANG_WARN_SUSPICIOUS_MOVE = YES;
				CLANG_WARN_UNGUARDED_AVAILABILITY = YES_AGGRESSIVE;
				CLANG_WARN_UNREACHABLE_CODE = YES;
				CLANG_WARN__DUPLICATE_METHOD_MATCH = YES;
				CODE_SIGN_IDENTITY = "iPhone Developer";
				COPY_PHASE_STRIP = NO;
				DEBUG_INFORMATION_FORMAT = dwarf;
				ENABLE_STRICT_OBJC_MSGSEND = YES;
				ENABLE_TESTABILITY = YES;
				GCC_C_LANGUAGE_STANDARD = gnu11;
				GCC_DYNAMIC_NO_PIC = NO;
				GCC_NO_COMMON_BLOCKS = YES;
				GCC_OPTIMIZATION_LEVEL = 0;
				GCC_PREPROCESSOR_DEFINITIONS = (
					"DEBUG=1",
					"$(inherited)",
				);
				GCC_WARN_64_TO_32_BIT_CONVERSION = YES;
				GCC_WARN_ABOUT_RETURN_TYPE = YES_ERROR;
				GCC_WARN_UNDECLARED_SELECTOR = YES;
				GCC_WARN_UNINITIALIZED_AUTOS = YES_AGGRESSIVE;
				GCC_WARN_UNUSED_FUNCTION = YES;
				GCC_WARN_UNUSED_VARIABLE = YES;
				IPHONEOS_DEPLOYMENT_TARGET = 12.2;
				MTL_ENABLE_DEBUG_INFO = INCLUDE_SOURCE;
				MTL_FAST_MATH = YES;
				ONLY_ACTIVE_ARCH = YES;
				SDKROOT = iphoneos;
				SWIFT_ACTIVE_COMPILATION_CONDITIONS = DEBUG;
				SWIFT_OPTIMIZATION_LEVEL = "-Onone";
			};
			name = Debug;
		};
		5477262122FD45DA0063CDD3 /* Release */ = {
			isa = XCBuildConfiguration;
			buildSettings = {
				ALWAYS_SEARCH_USER_PATHS = NO;
				CLANG_ANALYZER_NONNULL = YES;
				CLANG_ANALYZER_NUMBER_OBJECT_CONVERSION = YES_AGGRESSIVE;
				CLANG_CXX_LANGUAGE_STANDARD = "gnu++14";
				CLANG_CXX_LIBRARY = "libc++";
				CLANG_ENABLE_MODULES = YES;
				CLANG_ENABLE_OBJC_ARC = YES;
				CLANG_ENABLE_OBJC_WEAK = YES;
				CLANG_WARN_BLOCK_CAPTURE_AUTORELEASING = YES;
				CLANG_WARN_BOOL_CONVERSION = YES;
				CLANG_WARN_COMMA = YES;
				CLANG_WARN_CONSTANT_CONVERSION = YES;
				CLANG_WARN_DEPRECATED_OBJC_IMPLEMENTATIONS = YES;
				CLANG_WARN_DIRECT_OBJC_ISA_USAGE = YES_ERROR;
				CLANG_WARN_DOCUMENTATION_COMMENTS = YES;
				CLANG_WARN_EMPTY_BODY = YES;
				CLANG_WARN_ENUM_CONVERSION = YES;
				CLANG_WARN_INFINITE_RECURSION = YES;
				CLANG_WARN_INT_CONVERSION = YES;
				CLANG_WARN_NON_LITERAL_NULL_CONVERSION = YES;
				CLANG_WARN_OBJC_IMPLICIT_RETAIN_SELF = YES;
				CLANG_WARN_OBJC_LITERAL_CONVERSION = YES;
				CLANG_WARN_OBJC_ROOT_CLASS = YES_ERROR;
				CLANG_WARN_RANGE_LOOP_ANALYSIS = YES;
				CLANG_WARN_STRICT_PROTOTYPES = YES;
				CLANG_WARN_SUSPICIOUS_MOVE = YES;
				CLANG_WARN_UNGUARDED_AVAILABILITY = YES_AGGRESSIVE;
				CLANG_WARN_UNREACHABLE_CODE = YES;
				CLANG_WARN__DUPLICATE_METHOD_MATCH = YES;
				CODE_SIGN_IDENTITY = "iPhone Developer";
				COPY_PHASE_STRIP = NO;
				DEBUG_INFORMATION_FORMAT = "dwarf-with-dsym";
				ENABLE_NS_ASSERTIONS = NO;
				ENABLE_STRICT_OBJC_MSGSEND = YES;
				GCC_C_LANGUAGE_STANDARD = gnu11;
				GCC_NO_COMMON_BLOCKS = YES;
				GCC_WARN_64_TO_32_BIT_CONVERSION = YES;
				GCC_WARN_ABOUT_RETURN_TYPE = YES_ERROR;
				GCC_WARN_UNDECLARED_SELECTOR = YES;
				GCC_WARN_UNINITIALIZED_AUTOS = YES_AGGRESSIVE;
				GCC_WARN_UNUSED_FUNCTION = YES;
				GCC_WARN_UNUSED_VARIABLE = YES;
				IPHONEOS_DEPLOYMENT_TARGET = 12.2;
				MTL_ENABLE_DEBUG_INFO = NO;
				MTL_FAST_MATH = YES;
				SDKROOT = iphoneos;
				SWIFT_COMPILATION_MODE = wholemodule;
				SWIFT_OPTIMIZATION_LEVEL = "-O";
				VALIDATE_PRODUCT = YES;
			};
			name = Release;
		};
		5477262322FD45DA0063CDD3 /* Debug */ = {
			isa = XCBuildConfiguration;
			baseConfigurationReference = 5449BEAA61235C0163E33210 /* Pods-YMLApp.debug.xcconfig */;
			buildSettings = {
				ASSETCATALOG_COMPILER_APPICON_NAME = AppIcon;
				CODE_SIGN_STYLE = Automatic;
				INFOPLIST_FILE = YMLApp/Info.plist;
				LD_RUNPATH_SEARCH_PATHS = (
					"$(inherited)",
					"@executable_path/Frameworks",
				);
				PRODUCT_BUNDLE_IDENTIFIER = com.ymedialabs.YMLApp;
				PRODUCT_NAME = "$(TARGET_NAME)";
				SWIFT_VERSION = 5.0;
				TARGETED_DEVICE_FAMILY = "1,2";
			};
			name = Debug;
		};
		5477262422FD45DA0063CDD3 /* Release */ = {
			isa = XCBuildConfiguration;
			baseConfigurationReference = BFE50FFA38E1F3E9A2191861 /* Pods-YMLApp.release.xcconfig */;
			buildSettings = {
				ASSETCATALOG_COMPILER_APPICON_NAME = AppIcon;
				CODE_SIGN_STYLE = Automatic;
				INFOPLIST_FILE = YMLApp/Info.plist;
				LD_RUNPATH_SEARCH_PATHS = (
					"$(inherited)",
					"@executable_path/Frameworks",
				);
				PRODUCT_BUNDLE_IDENTIFIER = com.ymedialabs.YMLApp;
				PRODUCT_NAME = "$(TARGET_NAME)";
				SWIFT_VERSION = 5.0;
				TARGETED_DEVICE_FAMILY = "1,2";
			};
			name = Release;
		};
/* End XCBuildConfiguration section */

/* Begin XCConfigurationList section */
		5477260B22FD45D90063CDD3 /* Build configuration list for PBXProject "YMLApp" */ = {
			isa = XCConfigurationList;
			buildConfigurations = (
				5477262022FD45DA0063CDD3 /* Debug */,
				5477262122FD45DA0063CDD3 /* Release */,
			);
			defaultConfigurationIsVisible = 0;
			defaultConfigurationName = Release;
		};
		5477262222FD45DA0063CDD3 /* Build configuration list for PBXNativeTarget "YMLApp" */ = {
			isa = XCConfigurationList;
			buildConfigurations = (
				5477262322FD45DA0063CDD3 /* Debug */,
				5477262422FD45DA0063CDD3 /* Release */,
			);
			defaultConfigurationIsVisible = 0;
			defaultConfigurationName = Release;
		};
/* End XCConfigurationList section */
	};
	rootObject = 5477260822FD45D90063CDD3 /* Project object */;
}
