// !$*UTF8*$!
{
	archiveVersion = 1;
	classes = {
	};
	objectVersion = 50;
	objects = {

/* Begin PBXBuildFile section */
		54368BE5230BE97500233C71 /* OnBoardCollectionViewController.swift in Sources */ = {isa = PBXBuildFile; fileRef = 54368BE4230BE97500233C71 /* OnBoardCollectionViewController.swift */; };
		54368BE9230BEC8400233C71 /* OnBoardCell.swift in Sources */ = {isa = PBXBuildFile; fileRef = 54368BE8230BEC8400233C71 /* OnBoardCell.swift */; };
		5477261422FD45D90063CDD3 /* AppDelegate.swift in Sources */ = {isa = PBXBuildFile; fileRef = 5477261322FD45D90063CDD3 /* AppDelegate.swift */; };
		5477261622FD45D90063CDD3 /* ViewController.swift in Sources */ = {isa = PBXBuildFile; fileRef = 5477261522FD45D90063CDD3 /* ViewController.swift */; };
		5477261922FD45D90063CDD3 /* Main.storyboard in Resources */ = {isa = PBXBuildFile; fileRef = 5477261722FD45D90063CDD3 /* Main.storyboard */; };
		5477261B22FD45DA0063CDD3 /* Assets.xcassets in Resources */ = {isa = PBXBuildFile; fileRef = 5477261A22FD45DA0063CDD3 /* Assets.xcassets */; };
		5477261E22FD45DA0063CDD3 /* LaunchScreen.storyboard in Resources */ = {isa = PBXBuildFile; fileRef = 5477261C22FD45DA0063CDD3 /* LaunchScreen.storyboard */; };
/* End PBXBuildFile section */

/* Begin PBXFileReference section */
		54368BE4230BE97500233C71 /* OnBoardCollectionViewController.swift */ = {isa = PBXFileReference; lastKnownFileType = sourcecode.swift; path = OnBoardCollectionViewController.swift; sourceTree = "<group>"; };
		54368BE8230BEC8400233C71 /* OnBoardCell.swift */ = {isa = PBXFileReference; lastKnownFileType = sourcecode.swift; path = OnBoardCell.swift; sourceTree = "<group>"; };
		5477261022FD45D90063CDD3 /* YMLApp.app */ = {isa = PBXFileReference; explicitFileType = wrapper.application; includeInIndex = 0; path = YMLApp.app; sourceTree = BUILT_PRODUCTS_DIR; };
		5477261322FD45D90063CDD3 /* AppDelegate.swift */ = {isa = PBXFileReference; lastKnownFileType = sourcecode.swift; path = AppDelegate.swift; sourceTree = "<group>"; };
		5477261522FD45D90063CDD3 /* ViewController.swift */ = {isa = PBXFileReference; lastKnownFileType = sourcecode.swift; path = ViewController.swift; sourceTree = "<group>"; };
		5477261822FD45D90063CDD3 /* Base */ = {isa = PBXFileReference; lastKnownFileType = file.storyboard; name = Base; path = Base.lproj/Main.storyboard; sourceTree = "<group>"; };
		5477261A22FD45DA0063CDD3 /* Assets.xcassets */ = {isa = PBXFileReference; lastKnownFileType = folder.assetcatalog; path = Assets.xcassets; sourceTree = "<group>"; };
		5477261D22FD45DA0063CDD3 /* Base */ = {isa = PBXFileReference; lastKnownFileType = file.storyboard; name = Base; path = Base.lproj/LaunchScreen.storyboard; sourceTree = "<group>"; };
		5477261F22FD45DA0063CDD3 /* Info.plist */ = {isa = PBXFileReference; lastKnownFileType = text.plist.xml; path = Info.plist; sourceTree = "<group>"; };
/* End PBXFileReference section */

/* Begin PBXFrameworksBuildPhase section */
		5477260D22FD45D90063CDD3 /* Frameworks */ = {
			isa = PBXFrameworksBuildPhase;
			buildActionMask = 2147483647;
			files = (
			);
			runOnlyForDeploymentPostprocessing = 0;
		};
/* End PBXFrameworksBuildPhase section */

/* Begin PBXGroup section */
		5477260722FD45D90063CDD3 = {
			isa = PBXGroup;
			children = (
				5477261222FD45D90063CDD3 /* YMLApp */,
				5477261122FD45D90063CDD3 /* Products */,
			);
			sourceTree = "<group>";
		};
		5477261122FD45D90063CDD3 /* Products */ = {
			isa = PBXGroup;
			children = (
				5477261022FD45D90063CDD3 /* YMLApp.app */,
			);
			name = Products;
			sourceTree = "<group>";
		};
		5477261222FD45D90063CDD3 /* YMLApp */ = {
			isa = PBXGroup;
			children = (
				5477261322FD45D90063CDD3 /* AppDelegate.swift */,
				5477261522FD45D90063CDD3 /* ViewController.swift */,
				5477261722FD45D90063CDD3 /* Main.storyboard */,
				5477261A22FD45DA0063CDD3 /* Assets.xcassets */,
				5477261C22FD45DA0063CDD3 /* LaunchScreen.storyboard */,
				5477261F22FD45DA0063CDD3 /* Info.plist */,
				54368BE4230BE97500233C71 /* OnBoardCollectionViewController.swift */,
				54368BE8230BEC8400233C71 /* OnBoardCell.swift */,
			);
			path = YMLApp;
			sourceTree = "<group>";
		};
/* End PBXGroup section */

/* Begin PBXNativeTarget section */
		5477260F22FD45D90063CDD3 /* YMLApp */ = {
			isa = PBXNativeTarget;
			buildConfigurationList = 5477262222FD45DA0063CDD3 /* Build configuration list for PBXNativeTarget "YMLApp" */;
			buildPhases = (
				5477260C22FD45D90063CDD3 /* Sources */,
				5477260D22FD45D90063CDD3 /* Frameworks */,
				5477260E22FD45D90063CDD3 /* Resources */,
			);
			buildRules = (
			);
			dependencies = (
			);
			name = YMLApp;
			productName = YMLApp;
			productReference = 5477261022FD45D90063CDD3 /* YMLApp.app */;
			productType = "com.apple.product-type.application";
		};
/* End PBXNativeTarget section */

/* Begin PBXProject section */
		5477260822FD45D90063CDD3 /* Project object */ = {
			isa = PBXProject;
			attributes = {
				LastSwiftUpdateCheck = 1020;
				LastUpgradeCheck = 1020;
				ORGANIZATIONNAME = YML;
				TargetAttributes = {
					5477260F22FD45D90063CDD3 = {
						CreatedOnToolsVersion = 10.2.1;
					};
				};
			};
			buildConfigurationList = 5477260B22FD45D90063CDD3 /* Build configuration list for PBXProject "YMLApp" */;
			compatibilityVersion = "Xcode 9.3";
			developmentRegion = en;
			hasScannedForEncodings = 0;
			knownRegions = (
				en,
				Base,
			);
			mainGroup = 5477260722FD45D90063CDD3;
			productRefGroup = 5477261122FD45D90063CDD3 /* Products */;
			projectDirPath = "";
			projectRoot = "";
			targets = (
				5477260F22FD45D90063CDD3 /* YMLApp */,
			);
		};
/* End PBXProject section */

/* Begin PBXResourcesBuildPhase section */
		5477260E22FD45D90063CDD3 /* Resources */ = {
			isa = PBXResourcesBuildPhase;
			buildActionMask = 2147483647;
			files = (
				5477261E22FD45DA0063CDD3 /* LaunchScreen.storyboard in Resources */,
				5477261B22FD45DA0063CDD3 /* Assets.xcassets in Resources */,
				5477261922FD45D90063CDD3 /* Main.storyboard in Resources */,
			);
			runOnlyForDeploymentPostprocessing = 0;
		};
/* End PBXResourcesBuildPhase section */

/* Begin PBXSourcesBuildPhase section */
		5477260C22FD45D90063CDD3 /* Sources */ = {
			isa = PBXSourcesBuildPhase;
			buildActionMask = 2147483647;
			files = (
				5477261622FD45D90063CDD3 /* ViewController.swift in Sources */,
				54368BE9230BEC8400233C71 /* OnBoardCell.swift in Sources */,
				5477261422FD45D90063CDD3 /* AppDelegate.swift in Sources */,
				54368BE5230BE97500233C71 /* OnBoardCollectionViewController.swift in Sources */,
			);
			runOnlyForDeploymentPostprocessing = 0;
		};
/* End PBXSourcesBuildPhase section */

/* Begin PBXVariantGroup section */
		5477261722FD45D90063CDD3 /* Main.storyboard */ = {
			isa = PBXVariantGroup;
			children = (
				5477261822FD45D90063CDD3 /* Base */,
			);
			name = Main.storyboard;
			sourceTree = "<group>";
		};
		5477261C22FD45DA0063CDD3 /* LaunchScreen.storyboard */ = {
			isa = PBXVariantGroup;
			children = (
				5477261D22FD45DA0063CDD3 /* Base */,
			);
			name = LaunchScreen.storyboard;
			sourceTree = "<group>";
		};
/* End PBXVariantGroup section */

/* Begin XCBuildConfiguration section */
		5477262022FD45DA0063CDD3 /* Debug */ = {
			isa = XCBuildConfiguration;
			buildSettings = {
				ALWAYS_SEARCH_USER_PATHS = NO;
				CLANG_ANALYZER_NONNULL = YES;
				CLANG_ANALYZER_NUMBER_OBJECT_CONVERSION = YES_AGGRESSIVE;
				CLANG_CXX_LANGUAGE_STANDARD = "gnu++14";
				CLANG_CXX_LIBRARY = "libc++";
				CLANG_ENABLE_MODULES = YES;
				CLANG_ENABLE_OBJC_ARC = YES;
				CLANG_ENABLE_OBJC_WEAK = YES;
				CLANG_WARN_BLOCK_CAPTURE_AUTORELEASING = YES;
				CLANG_WARN_BOOL_CONVERSION = YES;
				CLANG_WARN_COMMA = YES;
				CLANG_WARN_CONSTANT_CONVERSION = YES;
				CLANG_WARN_DEPRECATED_OBJC_IMPLEMENTATIONS = YES;
				CLANG_WARN_DIRECT_OBJC_ISA_USAGE = YES_ERROR;
				CLANG_WARN_DOCUMENTATION_COMMENTS = YES;
				CLANG_WARN_EMPTY_BODY = YES;
				CLANG_WARN_ENUM_CONVERSION = YES;
				CLANG_WARN_INFINITE_RECURSION = YES;
				CLANG_WARN_INT_CONVERSION = YES;
				CLANG_WARN_NON_LITERAL_NULL_CONVERSION = YES;
				CLANG_WARN_OBJC_IMPLICIT_RETAIN_SELF = YES;
				CLANG_WARN_OBJC_LITERAL_CONVERSION = YES;
				CLANG_WARN_OBJC_ROOT_CLASS = YES_ERROR;
				CLANG_WARN_RANGE_LOOP_ANALYSIS = YES;
				CLANG_WARN_STRICT_PROTOTYPES = YES;
				CLANG_WARN_SUSPICIOUS_MOVE = YES;
				CLANG_WARN_UNGUARDED_AVAILABILITY = YES_AGGRESSIVE;
				CLANG_WARN_UNREACHABLE_CODE = YES;
				CLANG_WARN__DUPLICATE_METHOD_MATCH = YES;
				CODE_SIGN_IDENTITY = "iPhone Developer";
				COPY_PHASE_STRIP = NO;
				DEBUG_INFORMATION_FORMAT = dwarf;
				ENABLE_STRICT_OBJC_MSGSEND = YES;
				ENABLE_TESTABILITY = YES;
				GCC_C_LANGUAGE_STANDARD = gnu11;
				GCC_DYNAMIC_NO_PIC = NO;
				GCC_NO_COMMON_BLOCKS = YES;
				GCC_OPTIMIZATION_LEVEL = 0;
				GCC_PREPROCESSOR_DEFINITIONS = (
					"DEBUG=1",
					"$(inherited)",
				);
				GCC_WARN_64_TO_32_BIT_CONVERSION = YES;
				GCC_WARN_ABOUT_RETURN_TYPE = YES_ERROR;
				GCC_WARN_UNDECLARED_SELECTOR = YES;
				GCC_WARN_UNINITIALIZED_AUTOS = YES_AGGRESSIVE;
				GCC_WARN_UNUSED_FUNCTION = YES;
				GCC_WARN_UNUSED_VARIABLE = YES;
				IPHONEOS_DEPLOYMENT_TARGET = 12.2;
				MTL_ENABLE_DEBUG_INFO = INCLUDE_SOURCE;
				MTL_FAST_MATH = YES;
				ONLY_ACTIVE_ARCH = YES;
				SDKROOT = iphoneos;
				SWIFT_ACTIVE_COMPILATION_CONDITIONS = DEBUG;
				SWIFT_OPTIMIZATION_LEVEL = "-Onone";
			};
			name = Debug;
		};
		5477262122FD45DA0063CDD3 /* Release */ = {
			isa = XCBuildConfiguration;
			buildSettings = {
				ALWAYS_SEARCH_USER_PATHS = NO;
				CLANG_ANALYZER_NONNULL = YES;
				CLANG_ANALYZER_NUMBER_OBJECT_CONVERSION = YES_AGGRESSIVE;
				CLANG_CXX_LANGUAGE_STANDARD = "gnu++14";
				CLANG_CXX_LIBRARY = "libc++";
				CLANG_ENABLE_MODULES = YES;
				CLANG_ENABLE_OBJC_ARC = YES;
				CLANG_ENABLE_OBJC_WEAK = YES;
				CLANG_WARN_BLOCK_CAPTURE_AUTORELEASING = YES;
				CLANG_WARN_BOOL_CONVERSION = YES;
				CLANG_WARN_COMMA = YES;
				CLANG_WARN_CONSTANT_CONVERSION = YES;
				CLANG_WARN_DEPRECATED_OBJC_IMPLEMENTATIONS = YES;
				CLANG_WARN_DIRECT_OBJC_ISA_USAGE = YES_ERROR;
				CLANG_WARN_DOCUMENTATION_COMMENTS = YES;
				CLANG_WARN_EMPTY_BODY = YES;
				CLANG_WARN_ENUM_CONVERSION = YES;
				CLANG_WARN_INFINITE_RECURSION = YES;
				CLANG_WARN_INT_CONVERSION = YES;
				CLANG_WARN_NON_LITERAL_NULL_CONVERSION = YES;
				CLANG_WARN_OBJC_IMPLICIT_RETAIN_SELF = YES;
				CLANG_WARN_OBJC_LITERAL_CONVERSION = YES;
				CLANG_WARN_OBJC_ROOT_CLASS = YES_ERROR;
				CLANG_WARN_RANGE_LOOP_ANALYSIS = YES;
				CLANG_WARN_STRICT_PROTOTYPES = YES;
				CLANG_WARN_SUSPICIOUS_MOVE = YES;
				CLANG_WARN_UNGUARDED_AVAILABILITY = YES_AGGRESSIVE;
				CLANG_WARN_UNREACHABLE_CODE = YES;
				CLANG_WARN__DUPLICATE_METHOD_MATCH = YES;
				CODE_SIGN_IDENTITY = "iPhone Developer";
				COPY_PHASE_STRIP = NO;
				DEBUG_INFORMATION_FORMAT = "dwarf-with-dsym";
				ENABLE_NS_ASSERTIONS = NO;
				ENABLE_STRICT_OBJC_MSGSEND = YES;
				GCC_C_LANGUAGE_STANDARD = gnu11;
				GCC_NO_COMMON_BLOCKS = YES;
				GCC_WARN_64_TO_32_BIT_CONVERSION = YES;
				GCC_WARN_ABOUT_RETURN_TYPE = YES_ERROR;
				GCC_WARN_UNDECLARED_SELECTOR = YES;
				GCC_WARN_UNINITIALIZED_AUTOS = YES_AGGRESSIVE;
				GCC_WARN_UNUSED_FUNCTION = YES;
				GCC_WARN_UNUSED_VARIABLE = YES;
				IPHONEOS_DEPLOYMENT_TARGET = 12.2;
				MTL_ENABLE_DEBUG_INFO = NO;
				MTL_FAST_MATH = YES;
				SDKROOT = iphoneos;
				SWIFT_COMPILATION_MODE = wholemodule;
				SWIFT_OPTIMIZATION_LEVEL = "-O";
				VALIDATE_PRODUCT = YES;
			};
			name = Release;
		};
		5477262322FD45DA0063CDD3 /* Debug */ = {
			isa = XCBuildConfiguration;
			buildSettings = {
				ASSETCATALOG_COMPILER_APPICON_NAME = AppIcon;
				CODE_SIGN_STYLE = Automatic;
				INFOPLIST_FILE = YMLApp/Info.plist;
				LD_RUNPATH_SEARCH_PATHS = (
					"$(inherited)",
					"@executable_path/Frameworks",
				);
				PRODUCT_BUNDLE_IDENTIFIER = com.ymedialabs.YMLApp;
				PRODUCT_NAME = "$(TARGET_NAME)";
				SWIFT_VERSION = 5.0;
				TARGETED_DEVICE_FAMILY = "1,2";
			};
			name = Debug;
		};
		5477262422FD45DA0063CDD3 /* Release */ = {
			isa = XCBuildConfiguration;
			buildSettings = {
				ASSETCATALOG_COMPILER_APPICON_NAME = AppIcon;
				CODE_SIGN_STYLE = Automatic;
				INFOPLIST_FILE = YMLApp/Info.plist;
				LD_RUNPATH_SEARCH_PATHS = (
					"$(inherited)",
					"@executable_path/Frameworks",
				);
				PRODUCT_BUNDLE_IDENTIFIER = com.ymedialabs.YMLApp;
				PRODUCT_NAME = "$(TARGET_NAME)";
				SWIFT_VERSION = 5.0;
				TARGETED_DEVICE_FAMILY = "1,2";
			};
			name = Release;
		};
/* End XCBuildConfiguration section */

/* Begin XCConfigurationList section */
		5477260B22FD45D90063CDD3 /* Build configuration list for PBXProject "YMLApp" */ = {
			isa = XCConfigurationList;
			buildConfigurations = (
				5477262022FD45DA0063CDD3 /* Debug */,
				5477262122FD45DA0063CDD3 /* Release */,
			);
			defaultConfigurationIsVisible = 0;
			defaultConfigurationName = Release;
		};
		5477262222FD45DA0063CDD3 /* Build configuration list for PBXNativeTarget "YMLApp" */ = {
			isa = XCConfigurationList;
			buildConfigurations = (
				5477262322FD45DA0063CDD3 /* Debug */,
				5477262422FD45DA0063CDD3 /* Release */,
			);
			defaultConfigurationIsVisible = 0;
			defaultConfigurationName = Release;
		};
/* End XCConfigurationList section */
	};
	rootObject = 5477260822FD45D90063CDD3 /* Project object */;
}
